
Microsoft Visual Studio Solution File, Format Version 12.00
# Visual Studio 15
VisualStudioVersion = 15.0.28307.168
MinimumVisualStudioVersion = 10.0.40219.1
Project("{FAE04EC0-301F-11D3-BF4B-00C04F79EFBC}") = "DataStructureProblems", "DataStructureProblems\DataStructureProblems.csproj", "{6B24E1A6-792A-4E4D-8BDA-6A2A50CAD0DE}"
EndProject
Project("{FAE04EC0-301F-11D3-BF4B-00C04F79EFBC}") = "DataStructureProblems.Test", "DataStructureProblems.Test\DataStructureProblems.Test.csproj", "{9A535C8D-478B-4AB9-ABB8-54A379AC29BE}"
EndProject
Project("{FAE04EC0-301F-11D3-BF4B-00C04F79EFBC}") = "ConsoleTest", "ConsoleTest\ConsoleTest.csproj", "{37214C10-53C7-49A9-AE1F-BF9EB03C6AA3}"
EndProject
Global
	GlobalSection(SolutionConfigurationPlatforms) = preSolution
		Debug|Any CPU = Debug|Any CPU
		Release|Any CPU = Release|Any CPU
	EndGlobalSection
	GlobalSection(ProjectConfigurationPlatforms) = postSolution
		{6B24E1A6-792A-4E4D-8BDA-6A2A50CAD0DE}.Debug|Any CPU.ActiveCfg = Debug|Any CPU
		{6B24E1A6-792A-4E4D-8BDA-6A2A50CAD0DE}.Debug|Any CPU.Build.0 = Debug|Any CPU
		{6B24E1A6-792A-4E4D-8BDA-6A2A50CAD0DE}.Release|Any CPU.ActiveCfg = Release|Any CPU
		{6B24E1A6-792A-4E4D-8BDA-6A2A50CAD0DE}.Release|Any CPU.Build.0 = Release|Any CPU
		{9A535C8D-478B-4AB9-ABB8-54A379AC29BE}.Debug|Any CPU.ActiveCfg = Debug|Any CPU
		{9A535C8D-478B-4AB9-ABB8-54A379AC29BE}.Debug|Any CPU.Build.0 = Debug|Any CPU
		{9A535C8D-478B-4AB9-ABB8-54A379AC29BE}.Release|Any CPU.ActiveCfg = Release|Any CPU
		{9A535C8D-478B-4AB9-ABB8-54A379AC29BE}.Release|Any CPU.Build.0 = Release|Any CPU
		{37214C10-53C7-49A9-AE1F-BF9EB03C6AA3}.Debug|Any CPU.ActiveCfg = Debug|Any CPU
		{37214C10-53C7-49A9-AE1F-BF9EB03C6AA3}.Debug|Any CPU.Build.0 = Debug|Any CPU
		{37214C10-53C7-49A9-AE1F-BF9EB03C6AA3}.Release|Any CPU.ActiveCfg = Release|Any CPU
		{37214C10-53C7-49A9-AE1F-BF9EB03C6AA3}.Release|Any CPU.Build.0 = Release|Any CPU
	EndGlobalSection
	GlobalSection(SolutionProperties) = preSolution
		HideSolutionNode = FALSE
	EndGlobalSection
	GlobalSection(ExtensibilityGlobals) = postSolution
		SolutionGuid = {D85FF662-18F5-41F1-8895-EBED5756D502}
	EndGlobalSection
EndGlobal
